
Microsoft Visual Studio Solution File, Format Version 12.00
# Visual Studio 15
VisualStudioVersion = 15.0.28307.438
MinimumVisualStudioVersion = 10.0.40219.1
Project("{FAE04EC0-301F-11D3-BF4B-00C04F79EFBC}") = "DevFramework.Northwind.WcfServis", "DevFramework.Northwind.WcfServis\DevFramework.Northwind.WcfServis.csproj", "{FA3AAF45-6650-4B1F-A6AE-A408FEFE592D}"
EndProject
Global
	GlobalSection(SolutionConfigurationPlatforms) = preSolution
		Debug|Any CPU = Debug|Any CPU
		Release|Any CPU = Release|Any CPU
	EndGlobalSection
	GlobalSection(ProjectConfigurationPlatforms) = postSolution
		{FA3AAF45-6650-4B1F-A6AE-A408FEFE592D}.Debug|Any CPU.ActiveCfg = Debug|Any CPU
		{FA3AAF45-6650-4B1F-A6AE-A408FEFE592D}.Debug|Any CPU.Build.0 = Debug|Any CPU
		{FA3AAF45-6650-4B1F-A6AE-A408FEFE592D}.Release|Any CPU.ActiveCfg = Release|Any CPU
		{FA3AAF45-6650-4B1F-A6AE-A408FEFE592D}.Release|Any CPU.Build.0 = Release|Any CPU
	EndGlobalSection
	GlobalSection(SolutionProperties) = preSolution
		HideSolutionNode = FALSE
	EndGlobalSection
	GlobalSection(ExtensibilityGlobals) = postSolution
		SolutionGuid = {95223966-89DC-46B4-BFE0-FBD8F304CF25}
	EndGlobalSection
EndGlobal
